
Microsoft Visual Studio Solution File, Format Version 10.00
# Visual C++ Express 2008
Project("{8BC9CEB8-8B4A-11D0-8D11-00A0C91BC942}") = "SDL_Demo", "SDL_Demo\SDLDemo.vcproj", "{4B17C0DE-A23D-4684-963F-874C2A5FCA60}"
EndProject
Global
	GlobalSection(SolutionConfigurationPlatforms) = preSolution
		Debug|Win32 = Debug|Win32
		Release|Win32 = Release|Win32
	EndGlobalSection
	GlobalSection(ProjectConfigurationPlatforms) = postSolution
		{4B17C0DE-A23D-4684-963F-874C2A5FCA60}.Debug|Win32.ActiveCfg = Debug|Win32
		{4B17C0DE-A23D-4684-963F-874C2A5FCA60}.Debug|Win32.Build.0 = Debug|Win32
		{4B17C0DE-A23D-4684-963F-874C2A5FCA60}.Release|Win32.ActiveCfg = Release|Win32
		{4B17C0DE-A23D-4684-963F-874C2A5FCA60}.Release|Win32.Build.0 = Release|Win32
	EndGlobalSection
	GlobalSection(SolutionProperties) = preSolution
		HideSolutionNode = FALSE
	EndGlobalSection
EndGlobal
